
Microsoft Visual Studio Solution File, Format Version 12.00
# Visual Studio Version 16
VisualStudioVersion = 16.0.29806.167
MinimumVisualStudioVersion = 10.0.40219.1
Project("{9A19103F-16F7-4668-BE54-9A1E7A4F7556}") = "RomanNumbersTDD.Business", "RomanNumbersTDD.Business\RomanNumbersTDD.Business.csproj", "{423B2F3F-794D-4448-8F13-066CA2717C9B}"
EndProject
Project("{2150E333-8FDC-42A3-9474-1A3956D46DE8}") = "Tests", "Tests", "{9442EDBC-E437-4C68-8397-C9449724E4EB}"
EndProject
Project("{2150E333-8FDC-42A3-9474-1A3956D46DE8}") = "UnitTests", "UnitTests", "{21E9075F-6509-4BA5-AA46-66BCC37CB3C7}"
EndProject
Project("{FAE04EC0-301F-11D3-BF4B-00C04F79EFBC}") = "RomanNumbersTDD.UnitTest", "RomanNumbersTDD.UnitTest\RomanNumbersTDD.UnitTest.csproj", "{C53B510B-8F18-4724-B6D7-E7FC37107271}"
EndProject
Global
	GlobalSection(SolutionConfigurationPlatforms) = preSolution
		Debug|Any CPU = Debug|Any CPU
		Release|Any CPU = Release|Any CPU
	EndGlobalSection
	GlobalSection(ProjectConfigurationPlatforms) = postSolution
		{423B2F3F-794D-4448-8F13-066CA2717C9B}.Debug|Any CPU.ActiveCfg = Debug|Any CPU
		{423B2F3F-794D-4448-8F13-066CA2717C9B}.Debug|Any CPU.Build.0 = Debug|Any CPU
		{423B2F3F-794D-4448-8F13-066CA2717C9B}.Release|Any CPU.ActiveCfg = Release|Any CPU
		{423B2F3F-794D-4448-8F13-066CA2717C9B}.Release|Any CPU.Build.0 = Release|Any CPU
		{C53B510B-8F18-4724-B6D7-E7FC37107271}.Debug|Any CPU.ActiveCfg = Debug|Any CPU
		{C53B510B-8F18-4724-B6D7-E7FC37107271}.Debug|Any CPU.Build.0 = Debug|Any CPU
		{C53B510B-8F18-4724-B6D7-E7FC37107271}.Release|Any CPU.ActiveCfg = Release|Any CPU
		{C53B510B-8F18-4724-B6D7-E7FC37107271}.Release|Any CPU.Build.0 = Release|Any CPU
	EndGlobalSection
	GlobalSection(SolutionProperties) = preSolution
		HideSolutionNode = FALSE
	EndGlobalSection
	GlobalSection(NestedProjects) = preSolution
		{21E9075F-6509-4BA5-AA46-66BCC37CB3C7} = {9442EDBC-E437-4C68-8397-C9449724E4EB}
		{C53B510B-8F18-4724-B6D7-E7FC37107271} = {21E9075F-6509-4BA5-AA46-66BCC37CB3C7}
	EndGlobalSection
	GlobalSection(ExtensibilityGlobals) = postSolution
		SolutionGuid = {DBFE3F3F-5AE4-4787-BA8F-D15BE89510FA}
	EndGlobalSection
EndGlobal
